# THIS IS AN AUTOGENERATED FILE. DO NOT EDIT THIS FILE DIRECTLY.
# yarn lockfile v1


tornis@^0.1.5:
  version "0.1.5"
  resolved "https://registry.yarnpkg.com/tornis/-/tornis-0.1.5.tgz#0e8a0e4477f5442662b23667f0a27cd8d14753e5"
  integrity sha512-ggw+HpR2ZdHGN72KJ7gRT51do++B6chFJP3i5JiXzIfGftJ8fz8IE9C69K7odkxPumgnrw7UuWev/BGgxQXPFA==
